
Microsoft Visual Studio Solution File, Format Version 12.00
# Visual Studio Version 17
VisualStudioVersion = 17.10.35122.118
MinimumVisualStudioVersion = 10.0.40219.1
Project("{FAE04EC0-301F-11D3-BF4B-00C04F79EFBC}") = "SpaceShooter", "SpaceShooter\SpaceShooter.csproj", "{C35DC4F3-5DAC-4510-8E0B-F74E0AD07702}"
EndProject
Global
	GlobalSection(SolutionConfigurationPlatforms) = preSolution
		Debug|Any CPU = Debug|Any CPU
		Release|Any CPU = Release|Any CPU
	EndGlobalSection
	GlobalSection(ProjectConfigurationPlatforms) = postSolution
		{C35DC4F3-5DAC-4510-8E0B-F74E0AD07702}.Debug|Any CPU.ActiveCfg = Debug|Any CPU
		{C35DC4F3-5DAC-4510-8E0B-F74E0AD07702}.Debug|Any CPU.Build.0 = Debug|Any CPU
		{C35DC4F3-5DAC-4510-8E0B-F74E0AD07702}.Release|Any CPU.ActiveCfg = Release|Any CPU
		{C35DC4F3-5DAC-4510-8E0B-F74E0AD07702}.Release|Any CPU.Build.0 = Release|Any CPU
	EndGlobalSection
	GlobalSection(SolutionProperties) = preSolution
		HideSolutionNode = FALSE
	EndGlobalSection
	GlobalSection(ExtensibilityGlobals) = postSolution
		SolutionGuid = {49FB4425-FDA6-494D-96A7-54DA09C0F794}
	EndGlobalSection
EndGlobal
